<Solution>
  <Folder Name="/Itens de Solução/">
    <File Path=".env" />
    <File Path=".env.example" />
    <File Path=".gitignore" />
    <File Path="compose.yaml" />
  </Folder>
  <Folder Name="/src/">
    <Project Path="src/TransferFlow.Api/TransferFlow.Api.csproj" />
    <Project Path="src/TransferFlow.Application/TransferFlow.Application.csproj" />
    <Project Path="src/TransferFlow.Domain/TransferFlow.Domain.csproj" />
    <Project Path="src/TransferFlow.Infrastructure/TransferFlow.Infrastructure.csproj" />
  </Folder>
  <Folder Name="/tests/">
    <Project Path="tests/TransferFlow.Application.Tests/TransferFlow.Application.Tests.csproj" Id="8bb80484-1dd7-428d-ba15-70b278ebbc46" />
    <Project Path="tests/TransferFlow.Domain.Tests/TransferFlow.Domain.Tests.csproj" />
    <Project Path="TransferFlow.Integration.Tests/TransferFlow.Integration.Tests.csproj" Id="e88d0ad5-78a8-49e0-86dd-e8eead7010b9" />
  </Folder>
</Solution>
